<?xml version="1.0" encoding="utf-8"?>
<Project ToolsVersion="4.0" xmlns="http://schemas.microsoft.com/developer/msbuild/2003">
  <ItemGroup>
    <Filter Include="헤더 파일">
      <UniqueIdentifier>{93995380-89BD-4b04-88EB-625FBE52EBFB}</UniqueIdentifier>
      <Extensions>h;hh;hpp;hxx;h++;hm;inl;inc;ipp;xsd</Extensions>
    </Filter>
    <Filter Include="API Framework">
      <UniqueIdentifier>{059d5abc-347a-4f91-bb48-d13e046dc3e8}</UniqueIdentifier>
    </Filter>
    <Filter Include="API Framework\PCH">
      <UniqueIdentifier>{fb28774d-d844-4c55-99f4-3311b5f350ee}</UniqueIdentifier>
    </Filter>
    <Filter Include="API Framework\Utility">
      <UniqueIdentifier>{f2087481-9b1f-4366-b668-977e2036a92d}</UniqueIdentifier>
    </Filter>
    <Filter Include="API Framework\Utility\Math">
      <UniqueIdentifier>{5d9e2998-0a5c-4b08-be77-5c2bdce92a4b}</UniqueIdentifier>
    </Filter>
    <Filter Include="API Framework\exercise">
      <UniqueIdentifier>{c9ec8369-249b-45a0-a372-550ea27dea1b}</UniqueIdentifier>
    </Filter>
    <Filter Include="API Framework\CoreClass">
      <UniqueIdentifier>{efcd4b65-1946-41bd-9d90-8592b3618810}</UniqueIdentifier>
    </Filter>
    <Filter Include="API Framework\Image">
      <UniqueIdentifier>{67ae05e5-35d2-474e-9324-3605c594287f}</UniqueIdentifier>
    </Filter>
    <Filter Include="API Framework\MainGame">
      <UniqueIdentifier>{762ba78c-5c9d-4e1f-b82a-da48eb87f1a4}</UniqueIdentifier>
    </Filter>
    <Filter Include="API Framework\MainGame\SliceGame">
      <UniqueIdentifier>{8497d318-fbbb-47e9-ba7b-d111946717f6}</UniqueIdentifier>
    </Filter>
    <Filter Include="API Framework\MainGame\Whack-a-Chikorita">
      <UniqueIdentifier>{5ca0b9a4-3cbd-42e0-b9ff-2b304d35d353}</UniqueIdentifier>
    </Filter>
    <Filter Include="API Framework\MainGame\Whack-a-Chikorita\Object">
      <UniqueIdentifier>{1506c861-72c0-445d-9556-2d9d2793a7ea}</UniqueIdentifier>
    </Filter>
    <Filter Include="API Framework\MainGame\Clay-pigeon shooting">
      <UniqueIdentifier>{6535cd98-43bb-452b-8146-fef3916073c1}</UniqueIdentifier>
    </Filter>
    <Filter Include="API Framework\MainGame\Clay-pigeon shooting\Object">
      <UniqueIdentifier>{d5cf4668-a648-40a0-9083-49d90fc598fe}</UniqueIdentifier>
    </Filter>
    <Filter Include="API Framework\MainGame\MakeMiniMap">
      <UniqueIdentifier>{d40b75c6-6a80-424b-a3da-bc11125a6c4d}</UniqueIdentifier>
    </Filter>
    <Filter Include="API Framework\MainGame\WhirlwindBullet">
      <UniqueIdentifier>{d21aed77-0a39-49c8-bb73-95bdaa1aa408}</UniqueIdentifier>
    </Filter>
    <Filter Include="API Framework\MainGame\BlackHole">
      <UniqueIdentifier>{b19df17a-d657-46f4-b498-344d3fcb94d5}</UniqueIdentifier>
    </Filter>
    <Filter Include="API Framework\MainGame\EarthwormGame">
      <UniqueIdentifier>{9597f827-95df-4922-bc6b-7cbb457251f2}</UniqueIdentifier>
    </Filter>
    <Filter Include="API Framework\MainGame\TankGame">
      <UniqueIdentifier>{0e5c2198-cfd1-4ccd-b914-a6ab81a81b5e}</UniqueIdentifier>
    </Filter>
    <Filter Include="API Framework\MainGame\KirizoAnimation">
      <UniqueIdentifier>{eee57469-3cd5-4762-bd5c-178c0c3b3f56}</UniqueIdentifier>
    </Filter>
    <Filter Include="API Framework\MainGame\CharacterWallClimbing">
      <UniqueIdentifier>{2d9062f5-8f4a-45b0-89da-655c90c3f07b}</UniqueIdentifier>
    </Filter>
  </ItemGroup>
  <ItemGroup>
    <ClCompile Include="C3DMatrix.cpp">
      <Filter>API Framework\Utility\Math</Filter>
    </ClCompile>
    <ClCompile Include="C3DVector.cpp">
      <Filter>API Framework\Utility\Math</Filter>
    </ClCompile>
    <ClCompile Include="구구단출력.cpp">
      <Filter>API Framework\exercise</Filter>
    </ClCompile>
    <ClCompile Include="내얼굴 그리기.cpp">
      <Filter>API Framework\exercise</Filter>
    </ClCompile>
    <ClCompile Include="도형회전.cpp">
      <Filter>API Framework\exercise</Filter>
    </ClCompile>
    <ClCompile Include="무작위 도형 출력.cpp">
      <Filter>API Framework\exercise</Filter>
    </ClCompile>
    <ClCompile Include="사각형 4단밀기.cpp">
      <Filter>API Framework\exercise</Filter>
    </ClCompile>
    <ClCompile Include="애플로고출력.cpp">
      <Filter>API Framework\exercise</Filter>
    </ClCompile>
    <ClCompile Include="사각형에 영혼 넣기.cpp">
      <Filter>API Framework\exercise</Filter>
    </ClCompile>
    <ClCompile Include="사각형 밀어내기.cpp">
      <Filter>API Framework\exercise</Filter>
    </ClCompile>
    <ClCompile Include="오망성출력.cpp">
      <Filter>API Framework\exercise</Filter>
    </ClCompile>
    <ClCompile Include="이름출력.cpp">
      <Filter>API Framework\exercise</Filter>
    </ClCompile>
    <ClCompile Include="GameNode.cpp">
      <Filter>API Framework\CoreClass</Filter>
    </ClCompile>
    <ClCompile Include="GImage.cpp">
      <Filter>API Framework\Image</Filter>
    </ClCompile>
    <ClCompile Include="KeyManager.cpp">
      <Filter>API Framework\Utility</Filter>
    </ClCompile>
    <ClCompile Include="WhackAChikorita.cpp">
      <Filter>API Framework\MainGame\Whack-a-Chikorita</Filter>
    </ClCompile>
    <ClCompile Include="Chikorita.cpp">
      <Filter>API Framework\MainGame\Whack-a-Chikorita\Object</Filter>
    </ClCompile>
    <ClCompile Include="Cyndaquil.cpp">
      <Filter>API Framework\MainGame\Whack-a-Chikorita\Object</Filter>
    </ClCompile>
    <ClCompile Include="WinMain.cpp">
      <Filter>API Framework</Filter>
    </ClCompile>
    <ClCompile Include="ClayPigeonShooting.cpp">
      <Filter>API Framework\MainGame\Clay-pigeon shooting</Filter>
    </ClCompile>
    <ClCompile Include="Object.cpp">
      <Filter>API Framework\MainGame\Clay-pigeon shooting\Object</Filter>
    </ClCompile>
    <ClCompile Include="CPolygon.cpp">
      <Filter>API Framework\MainGame\Clay-pigeon shooting\Object</Filter>
    </ClCompile>
    <ClCompile Include="CEllipse.cpp">
      <Filter>API Framework\MainGame\Clay-pigeon shooting\Object</Filter>
    </ClCompile>
    <ClCompile Include="CRect.cpp">
      <Filter>API Framework\MainGame\Clay-pigeon shooting\Object</Filter>
    </ClCompile>
    <ClCompile Include="SliceGame.cpp">
      <Filter>API Framework\MainGame\SliceGame</Filter>
    </ClCompile>
    <ClCompile Include="MakeMiniMap.cpp">
      <Filter>API Framework\MainGame\MakeMiniMap</Filter>
    </ClCompile>
    <ClCompile Include="WhirlwindBullet.cpp">
      <Filter>API Framework\MainGame\WhirlwindBullet</Filter>
    </ClCompile>
    <ClCompile Include="Bullet.cpp">
      <Filter>API Framework\MainGame\WhirlwindBullet</Filter>
    </ClCompile>
    <ClCompile Include="BlackHole.cpp">
      <Filter>API Framework\MainGame\BlackHole</Filter>
    </ClCompile>
    <ClCompile Include="Dust.cpp">
      <Filter>API Framework\MainGame\BlackHole</Filter>
    </ClCompile>
    <ClCompile Include="EarthwormGame.cpp">
      <Filter>API Framework\MainGame\EarthwormGame</Filter>
    </ClCompile>
    <ClCompile Include="WormBody.cpp">
      <Filter>API Framework\MainGame\EarthwormGame</Filter>
    </ClCompile>
    <ClCompile Include="TankGame.cpp">
      <Filter>API Framework\MainGame\TankGame</Filter>
    </ClCompile>
    <ClCompile Include="KirizoAnimation.cpp">
      <Filter>API Framework\MainGame\KirizoAnimation</Filter>
    </ClCompile>
    <ClCompile Include="Kirizo.cpp">
      <Filter>API Framework\MainGame\KirizoAnimation</Filter>
    </ClCompile>
    <ClCompile Include="CharacterWallClimbing.cpp">
      <Filter>API Framework\MainGame\CharacterWallClimbing</Filter>
    </ClCompile>
    <ClCompile Include="Simba.cpp">
      <Filter>API Framework\MainGame\CharacterWallClimbing</Filter>
    </ClCompile>
  </ItemGroup>
  <ItemGroup>
    <ClInclude Include="C3DMatrix.h">
      <Filter>API Framework\Utility\Math</Filter>
    </ClInclude>
    <ClInclude Include="C3DVector.h">
      <Filter>API Framework\Utility\Math</Filter>
    </ClInclude>
    <ClInclude Include="CommonMacroFunction.h">
      <Filter>API Framework\Utility</Filter>
    </ClInclude>
    <ClInclude Include="RandomFunction.h">
      <Filter>API Framework\Utility</Filter>
    </ClInclude>
    <ClInclude Include="SingletonBase.h">
      <Filter>API Framework\Utility</Filter>
    </ClInclude>
    <ClInclude Include="Stdafx.h">
      <Filter>API Framework\PCH</Filter>
    </ClInclude>
    <ClInclude Include="GameNode.h">
      <Filter>API Framework\CoreClass</Filter>
    </ClInclude>
    <ClInclude Include="GImage.h">
      <Filter>API Framework\Image</Filter>
    </ClInclude>
    <ClInclude Include="KeyManager.h">
      <Filter>API Framework\Utility</Filter>
    </ClInclude>
    <ClInclude Include="WhackAChikorita.h">
      <Filter>API Framework\MainGame\Whack-a-Chikorita</Filter>
    </ClInclude>
    <ClInclude Include="Chikorita.h">
      <Filter>API Framework\MainGame\Whack-a-Chikorita\Object</Filter>
    </ClInclude>
    <ClInclude Include="Cyndaquil.h">
      <Filter>API Framework\MainGame\Whack-a-Chikorita\Object</Filter>
    </ClInclude>
    <ClInclude Include="ClayPigeonShooting.h">
      <Filter>API Framework\MainGame\Clay-pigeon shooting</Filter>
    </ClInclude>
    <ClInclude Include="Object.h">
      <Filter>API Framework\MainGame\Clay-pigeon shooting\Object</Filter>
    </ClInclude>
    <ClInclude Include="CPolygon.h">
      <Filter>API Framework\MainGame\Clay-pigeon shooting\Object</Filter>
    </ClInclude>
    <ClInclude Include="CEllipse.h">
      <Filter>API Framework\MainGame\Clay-pigeon shooting\Object</Filter>
    </ClInclude>
    <ClInclude Include="CRect.h">
      <Filter>API Framework\MainGame\Clay-pigeon shooting\Object</Filter>
    </ClInclude>
    <ClInclude Include="SliceGame.h">
      <Filter>API Framework\MainGame\SliceGame</Filter>
    </ClInclude>
    <ClInclude Include="MakeMiniMap.h">
      <Filter>API Framework\MainGame\MakeMiniMap</Filter>
    </ClInclude>
    <ClInclude Include="WhirlwindBullet.h">
      <Filter>API Framework\MainGame\WhirlwindBullet</Filter>
    </ClInclude>
    <ClInclude Include="Bullet.h">
      <Filter>API Framework\MainGame\WhirlwindBullet</Filter>
    </ClInclude>
    <ClInclude Include="BlackHole.h">
      <Filter>API Framework\MainGame\BlackHole</Filter>
    </ClInclude>
    <ClInclude Include="Dust.h">
      <Filter>API Framework\MainGame\BlackHole</Filter>
    </ClInclude>
    <ClInclude Include="EarthwormGame.h">
      <Filter>API Framework\MainGame\EarthwormGame</Filter>
    </ClInclude>
    <ClInclude Include="WormBody.h">
      <Filter>API Framework\MainGame\EarthwormGame</Filter>
    </ClInclude>
    <ClInclude Include="TankGame.h">
      <Filter>API Framework\MainGame\TankGame</Filter>
    </ClInclude>
    <ClInclude Include="KirizoAnimation.h">
      <Filter>API Framework\MainGame\KirizoAnimation</Filter>
    </ClInclude>
    <ClInclude Include="Kirizo.h">
      <Filter>API Framework\MainGame\KirizoAnimation</Filter>
    </ClInclude>
    <ClInclude Include="CharacterWallClimbing.h">
      <Filter>API Framework\MainGame\CharacterWallClimbing</Filter>
    </ClInclude>
    <ClInclude Include="Simba.h">
      <Filter>API Framework\MainGame\CharacterWallClimbing</Filter>
    </ClInclude>
  </ItemGroup>
</Project>