<?xml version="1.0" encoding="utf-8"?>
<Project ToolsVersion="4.0" xmlns="http://schemas.microsoft.com/developer/msbuild/2003">
  <ItemGroup>
    <Filter Include="헤더 파일">
      <UniqueIdentifier>{93995380-89BD-4b04-88EB-625FBE52EBFB}</UniqueIdentifier>
      <Extensions>h;hh;hpp;hxx;h++;hm;inl;inc;ipp;xsd</Extensions>
    </Filter>
    <Filter Include="API Framework">
      <UniqueIdentifier>{059d5abc-347a-4f91-bb48-d13e046dc3e8}</UniqueIdentifier>
    </Filter>
    <Filter Include="API Framework\PCH">
      <UniqueIdentifier>{fb28774d-d844-4c55-99f4-3311b5f350ee}</UniqueIdentifier>
    </Filter>
    <Filter Include="API Framework\Utility">
      <UniqueIdentifier>{f2087481-9b1f-4366-b668-977e2036a92d}</UniqueIdentifier>
    </Filter>
    <Filter Include="API Framework\Utility\Math">
      <UniqueIdentifier>{5d9e2998-0a5c-4b08-be77-5c2bdce92a4b}</UniqueIdentifier>
    </Filter>
    <Filter Include="API Framework\exercise">
      <UniqueIdentifier>{c9ec8369-249b-45a0-a372-550ea27dea1b}</UniqueIdentifier>
    </Filter>
    <Filter Include="API Framework\CoreClass">
      <UniqueIdentifier>{efcd4b65-1946-41bd-9d90-8592b3618810}</UniqueIdentifier>
    </Filter>
    <Filter Include="API Framework\Image">
      <UniqueIdentifier>{67ae05e5-35d2-474e-9324-3605c594287f}</UniqueIdentifier>
    </Filter>
    <Filter Include="API Framework\Whack-a-Chikorita">
      <UniqueIdentifier>{5ca0b9a4-3cbd-42e0-b9ff-2b304d35d353}</UniqueIdentifier>
    </Filter>
    <Filter Include="API Framework\Whack-a-Chikorita\Object">
      <UniqueIdentifier>{1506c861-72c0-445d-9556-2d9d2793a7ea}</UniqueIdentifier>
    </Filter>
  </ItemGroup>
  <ItemGroup>
    <ClCompile Include="C3DMatrix.cpp">
      <Filter>API Framework\Utility\Math</Filter>
    </ClCompile>
    <ClCompile Include="C3DVector.cpp">
      <Filter>API Framework\Utility\Math</Filter>
    </ClCompile>
    <ClCompile Include="구구단출력.cpp">
      <Filter>API Framework\exercise</Filter>
    </ClCompile>
    <ClCompile Include="내얼굴 그리기.cpp">
      <Filter>API Framework\exercise</Filter>
    </ClCompile>
    <ClCompile Include="도형회전.cpp">
      <Filter>API Framework\exercise</Filter>
    </ClCompile>
    <ClCompile Include="무작위 도형 출력.cpp">
      <Filter>API Framework\exercise</Filter>
    </ClCompile>
    <ClCompile Include="사각형 4단밀기.cpp">
      <Filter>API Framework\exercise</Filter>
    </ClCompile>
    <ClCompile Include="애플로고출력.cpp">
      <Filter>API Framework\exercise</Filter>
    </ClCompile>
    <ClCompile Include="사각형에 영혼 넣기.cpp">
      <Filter>API Framework\exercise</Filter>
    </ClCompile>
    <ClCompile Include="사각형 밀어내기.cpp">
      <Filter>API Framework\exercise</Filter>
    </ClCompile>
    <ClCompile Include="오망성출력.cpp">
      <Filter>API Framework\exercise</Filter>
    </ClCompile>
    <ClCompile Include="이름출력.cpp">
      <Filter>API Framework\exercise</Filter>
    </ClCompile>
    <ClCompile Include="GameNode.cpp">
      <Filter>API Framework\CoreClass</Filter>
    </ClCompile>
    <ClCompile Include="GImage.cpp">
      <Filter>API Framework\Image</Filter>
    </ClCompile>
    <ClCompile Include="KeyManager.cpp">
      <Filter>API Framework\Utility</Filter>
    </ClCompile>
    <ClCompile Include="WhackAChikorita.cpp">
      <Filter>API Framework\Whack-a-Chikorita</Filter>
    </ClCompile>
    <ClCompile Include="WinMain.cpp">
      <Filter>API Framework\Whack-a-Chikorita</Filter>
    </ClCompile>
    <ClCompile Include="Chikorita.cpp">
      <Filter>API Framework\Whack-a-Chikorita\Object</Filter>
    </ClCompile>
    <ClCompile Include="Cyndaquil.cpp">
      <Filter>API Framework\Whack-a-Chikorita\Object</Filter>
    </ClCompile>
  </ItemGroup>
  <ItemGroup>
    <ClInclude Include="C3DMatrix.h">
      <Filter>API Framework\Utility\Math</Filter>
    </ClInclude>
    <ClInclude Include="C3DVector.h">
      <Filter>API Framework\Utility\Math</Filter>
    </ClInclude>
    <ClInclude Include="CommonMacroFunction.h">
      <Filter>API Framework\Utility</Filter>
    </ClInclude>
    <ClInclude Include="RandomFunction.h">
      <Filter>API Framework\Utility</Filter>
    </ClInclude>
    <ClInclude Include="SingletonBase.h">
      <Filter>API Framework\Utility</Filter>
    </ClInclude>
    <ClInclude Include="Stdafx.h">
      <Filter>API Framework\PCH</Filter>
    </ClInclude>
    <ClInclude Include="GameNode.h">
      <Filter>API Framework\CoreClass</Filter>
    </ClInclude>
    <ClInclude Include="GImage.h">
      <Filter>API Framework\Image</Filter>
    </ClInclude>
    <ClInclude Include="KeyManager.h">
      <Filter>API Framework\Utility</Filter>
    </ClInclude>
    <ClInclude Include="WhackAChikorita.h">
      <Filter>API Framework\Whack-a-Chikorita</Filter>
    </ClInclude>
    <ClInclude Include="Chikorita.h">
      <Filter>API Framework\Whack-a-Chikorita\Object</Filter>
    </ClInclude>
    <ClInclude Include="Cyndaquil.h">
      <Filter>API Framework\Whack-a-Chikorita\Object</Filter>
    </ClInclude>
  </ItemGroup>
</Project>